Microsoft Visual Studio Solution File, Format Version 12.00
# Visual Studio 15
VisualStudioVersion = 15.0.26228.9
MinimumVisualStudioVersion = 10.0.40219.1

Project("{2150E333-8FDC-42A3-9474-1A3956D46DE8}") = "_Basic", "_Basic", "{4D7AA6CE-9187-4A04-B3DE-765EB9F4E96F}"
EndProject
Project("{2150E333-8FDC-42A3-9474-1A3956D46DE8}") = "Features", "Features", "{D202C0F3-9360-4550-A804-C407B157306D}"
EndProject
Project("{FAE04EC0-301F-11D3-BF4B-00C04F79EFBC}") = "BasicDemo", "BasicDemo\BasicDemo.csproj", "{FECD7A6F-62B9-43C8-BC8C-6CF8C4E2C8F9}"
EndProject
Project("{FAE04EC0-301F-11D3-BF4B-00C04F79EFBC}") = "AlternateNames", "AlternateNames\AlternateNames.csproj", "{5E0B54F1-4149-48EB-8124-B9C38D83944F}"
EndProject
Project("{FAE04EC0-301F-11D3-BF4B-00C04F79EFBC}") = "ConsolidatedMetadataContainer", "ConsolidatedMetadataContainer\ConsolidatedMetadataContainer.csproj", "{6E1694C6-C78C-4238-8A38-FCF5533C8C3E}"
EndProject
Project("{FAE04EC0-301F-11D3-BF4B-00C04F79EFBC}") = "CustomExpressionBuilderDemo", "CustomExpressionBuilderDemo\CustomExpressionBuilderDemo.csproj", "{9AF5EB5A-CC83-4A79-8321-9BC15AA121F1}"
EndProject
Project("{FAE04EC0-301F-11D3-BF4B-00C04F79EFBC}") = "DatasourceFieldsLinkingDragnDropDemo", "DatasourceFieldsLinkingDragnDropDemo\DatasourceFieldsLinkingDragnDropDemo.csproj", "{13742ABF-0079-4AE2-904B-ED3AEAEC262B}"
EndProject
Project("{FAE04EC0-301F-11D3-BF4B-00C04F79EFBC}") = "DragDropDemo", "DragDropDemo\DragDropDemo.csproj", "{9E3D746C-B41E-43AE-BEC0-74A097E38792}"
EndProject
Project("{FAE04EC0-301F-11D3-BF4B-00C04F79EFBC}") = "ExpressionEditorDemo", "ExpressionEditorDemo\ExpressionEditorDemo.csproj", "{51E5BB0B-A945-4752-AB63-AA5B22E2A23E}"
EndProject
Project("{FAE04EC0-301F-11D3-BF4B-00C04F79EFBC}") = "FullFeaturedDemo", "FullFeaturedDemo\FullFeaturedDemo.csproj", "{CB54E4B2-5636-4EBD-BCF5-35BA38CF09FA}"
EndProject
Project("{FAE04EC0-301F-11D3-BF4B-00C04F79EFBC}") = "FullFeaturedMdiDemo", "FullFeaturedMdiDemo\FullFeaturedMdiDemo.csproj", "{1626D902-8242-4108-827E-5BF90BB79985}"
EndProject
Project("{FAE04EC0-301F-11D3-BF4B-00C04F79EFBC}") = "GeneralAssembly", "GeneralAssembly\GeneralAssembly.csproj", "{47A94736-FB2A-4AE2-A282-74E138E7CDED}"
EndProject
Project("{FAE04EC0-301F-11D3-BF4B-00C04F79EFBC}") = "GeneralAssembly_ext", "GeneralAssembly_ext\GeneralAssembly_ext.csproj", "{47A94736-FB2A-4AE2-A282-74E138E7CDEE}"
EndProject
Project("{FAE04EC0-301F-11D3-BF4B-00C04F79EFBC}") = "InterfaceCustomizationDemo", "InterfaceCustomizationDemo\InterfaceCustomizationDemo.csproj", "{29CB0363-CE1F-42D4-861B-EDAB200ED2D5}"
EndProject
Project("{FAE04EC0-301F-11D3-BF4B-00C04F79EFBC}") = "LoadMetadataDemo", "LoadMetadataDemo\LoadMetadataDemo.csproj", "{888AF671-DB6E-4CF9-A0B6-441AC92F7736}"
EndProject
Project("{FAE04EC0-301F-11D3-BF4B-00C04F79EFBC}") = "MetadataEditorDemo", "MetadataEditorDemo\MetadataEditorDemo.csproj", "{3D285337-139B-40E0-A5BB-328768AFAB4A}"
EndProject
Project("{FAE04EC0-301F-11D3-BF4B-00C04F79EFBC}") = "QueryColumnsListCustomColumnsDemo", "QueryColumnsListCustomColumnsDemo\QueryColumnsListCustomColumnsDemo.csproj", "{77B23A76-514E-43F7-A222-4403B3CA39FB}"
EndProject
Project("{FAE04EC0-301F-11D3-BF4B-00C04F79EFBC}") = "QueryCreationDemo", "QueryCreationDemo\QueryCreationDemo.csproj", "{2CC0918D-8A6E-4A66-A044-72CD8D5107EE}"
EndProject
Project("{FAE04EC0-301F-11D3-BF4B-00C04F79EFBC}") = "QueryStructureDemo", "QueryStructureDemo\QueryStructureDemo.csproj", "{827FB1CF-65F9-4D2A-A7C1-32446EE73E8A}"
EndProject
Project("{FAE04EC0-301F-11D3-BF4B-00C04F79EFBC}") = "QueryTransformerDemo", "QueryTransformerDemo\QueryTransformerDemo.csproj", "{1E670AFB-E03D-47F5-AC64-31FF85EC586A}"
EndProject
Project("{FAE04EC0-301F-11D3-BF4B-00C04F79EFBC}") = "QueryUIEventsDemo", "QueryUIEventsDemo\QueryUIEventsDemo.csproj", "{218C2D99-FE2B-40C2-AF74-A51D6C27B629}"
EndProject
Project("{FAE04EC0-301F-11D3-BF4B-00C04F79EFBC}") = "SeparatedComponents", "SeparatedComponents\SeparatedComponents.csproj", "{4144D739-189C-4535-9EFA-A2AD4C7E081C}"
EndProject
Project("{FAE04EC0-301F-11D3-BF4B-00C04F79EFBC}") = "SubQueryTextEditingDemo", "SubQueryTextEditingDemo\SubQueryTextEditingDemo.csproj", "{FFDEEC58-415E-48D0-ACFF-02F5C59D7B78}"
EndProject
Global
	GlobalSection(SolutionConfigurationPlatforms) = preSolution
		Debug|Any CPU = Debug|Any CPU
		Release|Any CPU = Release|Any CPU
	EndGlobalSection
	GlobalSection(ProjectConfigurationPlatforms) = postSolution
{FECD7A6F-62B9-43C8-BC8C-6CF8C4E2C8F9}.Debug|Any CPU.ActiveCfg = Debug|Any CPU
{FECD7A6F-62B9-43C8-BC8C-6CF8C4E2C8F9}.Debug|Any CPU.Build.0 = Debug|Any CPU
{FECD7A6F-62B9-43C8-BC8C-6CF8C4E2C8F9}.Release|Any CPU.ActiveCfg = Release|Any CPU
{FECD7A6F-62B9-43C8-BC8C-6CF8C4E2C8F9}.Release|Any CPU.Build.0 = Release|Any CPU

{5E0B54F1-4149-48EB-8124-B9C38D83944F}.Debug|Any CPU.ActiveCfg = Debug|Any CPU
{5E0B54F1-4149-48EB-8124-B9C38D83944F}.Debug|Any CPU.Build.0 = Debug|Any CPU
{5E0B54F1-4149-48EB-8124-B9C38D83944F}.Release|Any CPU.ActiveCfg = Release|Any CPU
{5E0B54F1-4149-48EB-8124-B9C38D83944F}.Release|Any CPU.Build.0 = Release|Any CPU

{6E1694C6-C78C-4238-8A38-FCF5533C8C3E}.Debug|Any CPU.ActiveCfg = Debug|Any CPU
{6E1694C6-C78C-4238-8A38-FCF5533C8C3E}.Debug|Any CPU.Build.0 = Debug|Any CPU
{6E1694C6-C78C-4238-8A38-FCF5533C8C3E}.Release|Any CPU.ActiveCfg = Release|Any CPU
{6E1694C6-C78C-4238-8A38-FCF5533C8C3E}.Release|Any CPU.Build.0 = Release|Any CPU

{9AF5EB5A-CC83-4A79-8321-9BC15AA121F1}.Debug|Any CPU.ActiveCfg = Debug|Any CPU
{9AF5EB5A-CC83-4A79-8321-9BC15AA121F1}.Debug|Any CPU.Build.0 = Debug|Any CPU
{9AF5EB5A-CC83-4A79-8321-9BC15AA121F1}.Release|Any CPU.ActiveCfg = Release|Any CPU
{9AF5EB5A-CC83-4A79-8321-9BC15AA121F1}.Release|Any CPU.Build.0 = Release|Any CPU

{13742ABF-0079-4AE2-904B-ED3AEAEC262B}.Debug|Any CPU.ActiveCfg = Debug|Any CPU
{13742ABF-0079-4AE2-904B-ED3AEAEC262B}.Debug|Any CPU.Build.0 = Debug|Any CPU
{13742ABF-0079-4AE2-904B-ED3AEAEC262B}.Release|Any CPU.ActiveCfg = Release|Any CPU
{13742ABF-0079-4AE2-904B-ED3AEAEC262B}.Release|Any CPU.Build.0 = Release|Any CPU

{9E3D746C-B41E-43AE-BEC0-74A097E38792}.Debug|Any CPU.ActiveCfg = Debug|Any CPU
{9E3D746C-B41E-43AE-BEC0-74A097E38792}.Debug|Any CPU.Build.0 = Debug|Any CPU
{9E3D746C-B41E-43AE-BEC0-74A097E38792}.Release|Any CPU.ActiveCfg = Release|Any CPU
{9E3D746C-B41E-43AE-BEC0-74A097E38792}.Release|Any CPU.Build.0 = Release|Any CPU

{51E5BB0B-A945-4752-AB63-AA5B22E2A23E}.Debug|Any CPU.ActiveCfg = Debug|Any CPU
{51E5BB0B-A945-4752-AB63-AA5B22E2A23E}.Debug|Any CPU.Build.0 = Debug|Any CPU
{51E5BB0B-A945-4752-AB63-AA5B22E2A23E}.Release|Any CPU.ActiveCfg = Release|Any CPU
{51E5BB0B-A945-4752-AB63-AA5B22E2A23E}.Release|Any CPU.Build.0 = Release|Any CPU

{CB54E4B2-5636-4EBD-BCF5-35BA38CF09FA}.Debug|Any CPU.ActiveCfg = Debug|Any CPU
{CB54E4B2-5636-4EBD-BCF5-35BA38CF09FA}.Debug|Any CPU.Build.0 = Debug|Any CPU
{CB54E4B2-5636-4EBD-BCF5-35BA38CF09FA}.Release|Any CPU.ActiveCfg = Release|Any CPU
{CB54E4B2-5636-4EBD-BCF5-35BA38CF09FA}.Release|Any CPU.Build.0 = Release|Any CPU

{1626D902-8242-4108-827E-5BF90BB79985}.Debug|Any CPU.ActiveCfg = Debug|Any CPU
{1626D902-8242-4108-827E-5BF90BB79985}.Debug|Any CPU.Build.0 = Debug|Any CPU
{1626D902-8242-4108-827E-5BF90BB79985}.Release|Any CPU.ActiveCfg = Release|Any CPU
{1626D902-8242-4108-827E-5BF90BB79985}.Release|Any CPU.Build.0 = Release|Any CPU

{47A94736-FB2A-4AE2-A282-74E138E7CDED}.Debug|Any CPU.ActiveCfg = Debug|Any CPU
{47A94736-FB2A-4AE2-A282-74E138E7CDED}.Debug|Any CPU.Build.0 = Debug|Any CPU
{47A94736-FB2A-4AE2-A282-74E138E7CDED}.Release|Any CPU.ActiveCfg = Release|Any CPU
{47A94736-FB2A-4AE2-A282-74E138E7CDED}.Release|Any CPU.Build.0 = Release|Any CPU

{47A94736-FB2A-4AE2-A282-74E138E7CDEE}.Debug|Any CPU.ActiveCfg = Debug|Any CPU
{47A94736-FB2A-4AE2-A282-74E138E7CDEE}.Debug|Any CPU.Build.0 = Debug|Any CPU
{47A94736-FB2A-4AE2-A282-74E138E7CDEE}.Release|Any CPU.ActiveCfg = Release|Any CPU
{47A94736-FB2A-4AE2-A282-74E138E7CDEE}.Release|Any CPU.Build.0 = Release|Any CPU

{29CB0363-CE1F-42D4-861B-EDAB200ED2D5}.Debug|Any CPU.ActiveCfg = Debug|Any CPU
{29CB0363-CE1F-42D4-861B-EDAB200ED2D5}.Debug|Any CPU.Build.0 = Debug|Any CPU
{29CB0363-CE1F-42D4-861B-EDAB200ED2D5}.Release|Any CPU.ActiveCfg = Release|Any CPU
{29CB0363-CE1F-42D4-861B-EDAB200ED2D5}.Release|Any CPU.Build.0 = Release|Any CPU

{888AF671-DB6E-4CF9-A0B6-441AC92F7736}.Debug|Any CPU.ActiveCfg = Debug|Any CPU
{888AF671-DB6E-4CF9-A0B6-441AC92F7736}.Debug|Any CPU.Build.0 = Debug|Any CPU
{888AF671-DB6E-4CF9-A0B6-441AC92F7736}.Release|Any CPU.ActiveCfg = Release|Any CPU
{888AF671-DB6E-4CF9-A0B6-441AC92F7736}.Release|Any CPU.Build.0 = Release|Any CPU

{3D285337-139B-40E0-A5BB-328768AFAB4A}.Debug|Any CPU.ActiveCfg = Debug|Any CPU
{3D285337-139B-40E0-A5BB-328768AFAB4A}.Debug|Any CPU.Build.0 = Debug|Any CPU
{3D285337-139B-40E0-A5BB-328768AFAB4A}.Release|Any CPU.ActiveCfg = Release|Any CPU
{3D285337-139B-40E0-A5BB-328768AFAB4A}.Release|Any CPU.Build.0 = Release|Any CPU

{77B23A76-514E-43F7-A222-4403B3CA39FB}.Debug|Any CPU.ActiveCfg = Debug|Any CPU
{77B23A76-514E-43F7-A222-4403B3CA39FB}.Debug|Any CPU.Build.0 = Debug|Any CPU
{77B23A76-514E-43F7-A222-4403B3CA39FB}.Release|Any CPU.ActiveCfg = Release|Any CPU
{77B23A76-514E-43F7-A222-4403B3CA39FB}.Release|Any CPU.Build.0 = Release|Any CPU

{2CC0918D-8A6E-4A66-A044-72CD8D5107EE}.Debug|Any CPU.ActiveCfg = Debug|Any CPU
{2CC0918D-8A6E-4A66-A044-72CD8D5107EE}.Debug|Any CPU.Build.0 = Debug|Any CPU
{2CC0918D-8A6E-4A66-A044-72CD8D5107EE}.Release|Any CPU.ActiveCfg = Release|Any CPU
{2CC0918D-8A6E-4A66-A044-72CD8D5107EE}.Release|Any CPU.Build.0 = Release|Any CPU

{827FB1CF-65F9-4D2A-A7C1-32446EE73E8A}.Debug|Any CPU.ActiveCfg = Debug|Any CPU
{827FB1CF-65F9-4D2A-A7C1-32446EE73E8A}.Debug|Any CPU.Build.0 = Debug|Any CPU
{827FB1CF-65F9-4D2A-A7C1-32446EE73E8A}.Release|Any CPU.ActiveCfg = Release|Any CPU
{827FB1CF-65F9-4D2A-A7C1-32446EE73E8A}.Release|Any CPU.Build.0 = Release|Any CPU

{1E670AFB-E03D-47F5-AC64-31FF85EC586A}.Debug|Any CPU.ActiveCfg = Debug|Any CPU
{1E670AFB-E03D-47F5-AC64-31FF85EC586A}.Debug|Any CPU.Build.0 = Debug|Any CPU
{1E670AFB-E03D-47F5-AC64-31FF85EC586A}.Release|Any CPU.ActiveCfg = Release|Any CPU
{1E670AFB-E03D-47F5-AC64-31FF85EC586A}.Release|Any CPU.Build.0 = Release|Any CPU

{218C2D99-FE2B-40C2-AF74-A51D6C27B629}.Debug|Any CPU.ActiveCfg = Debug|Any CPU
{218C2D99-FE2B-40C2-AF74-A51D6C27B629}.Debug|Any CPU.Build.0 = Debug|Any CPU
{218C2D99-FE2B-40C2-AF74-A51D6C27B629}.Release|Any CPU.ActiveCfg = Release|Any CPU
{218C2D99-FE2B-40C2-AF74-A51D6C27B629}.Release|Any CPU.Build.0 = Release|Any CPU

{4144D739-189C-4535-9EFA-A2AD4C7E081C}.Debug|Any CPU.ActiveCfg = Debug|Any CPU
{4144D739-189C-4535-9EFA-A2AD4C7E081C}.Debug|Any CPU.Build.0 = Debug|Any CPU
{4144D739-189C-4535-9EFA-A2AD4C7E081C}.Release|Any CPU.ActiveCfg = Release|Any CPU
{4144D739-189C-4535-9EFA-A2AD4C7E081C}.Release|Any CPU.Build.0 = Release|Any CPU

{FFDEEC58-415E-48D0-ACFF-02F5C59D7B78}.Debug|Any CPU.ActiveCfg = Debug|Any CPU
{FFDEEC58-415E-48D0-ACFF-02F5C59D7B78}.Debug|Any CPU.Build.0 = Debug|Any CPU
{FFDEEC58-415E-48D0-ACFF-02F5C59D7B78}.Release|Any CPU.ActiveCfg = Release|Any CPU
{FFDEEC58-415E-48D0-ACFF-02F5C59D7B78}.Release|Any CPU.Build.0 = Release|Any CPU


	EndGlobalSection
	GlobalSection(SolutionProperties) = preSolution
		HideSolutionNode = FALSE
	EndGlobalSection
	GlobalSection(NestedProjects) = preSolution
{FECD7A6F-62B9-43C8-BC8C-6CF8C4E2C8F9} = {4D7AA6CE-9187-4A04-B3DE-765EB9F4E96F}
{5E0B54F1-4149-48EB-8124-B9C38D83944F} = {D202C0F3-9360-4550-A804-C407B157306D}
{6E1694C6-C78C-4238-8A38-FCF5533C8C3E} = {D202C0F3-9360-4550-A804-C407B157306D}
{9AF5EB5A-CC83-4A79-8321-9BC15AA121F1} = {D202C0F3-9360-4550-A804-C407B157306D}
{13742ABF-0079-4AE2-904B-ED3AEAEC262B} = {D202C0F3-9360-4550-A804-C407B157306D}
{9E3D746C-B41E-43AE-BEC0-74A097E38792} = {D202C0F3-9360-4550-A804-C407B157306D}
{51E5BB0B-A945-4752-AB63-AA5B22E2A23E} = {D202C0F3-9360-4550-A804-C407B157306D}
{CB54E4B2-5636-4EBD-BCF5-35BA38CF09FA} = {4D7AA6CE-9187-4A04-B3DE-765EB9F4E96F}
{1626D902-8242-4108-827E-5BF90BB79985} = {4D7AA6CE-9187-4A04-B3DE-765EB9F4E96F}
{29CB0363-CE1F-42D4-861B-EDAB200ED2D5} = {D202C0F3-9360-4550-A804-C407B157306D}
{888AF671-DB6E-4CF9-A0B6-441AC92F7736} = {D202C0F3-9360-4550-A804-C407B157306D}
{3D285337-139B-40E0-A5BB-328768AFAB4A} = {D202C0F3-9360-4550-A804-C407B157306D}
{77B23A76-514E-43F7-A222-4403B3CA39FB} = {D202C0F3-9360-4550-A804-C407B157306D}
{2CC0918D-8A6E-4A66-A044-72CD8D5107EE} = {D202C0F3-9360-4550-A804-C407B157306D}
{827FB1CF-65F9-4D2A-A7C1-32446EE73E8A} = {D202C0F3-9360-4550-A804-C407B157306D}
{1E670AFB-E03D-47F5-AC64-31FF85EC586A} = {D202C0F3-9360-4550-A804-C407B157306D}
{218C2D99-FE2B-40C2-AF74-A51D6C27B629} = {D202C0F3-9360-4550-A804-C407B157306D}
{4144D739-189C-4535-9EFA-A2AD4C7E081C} = {D202C0F3-9360-4550-A804-C407B157306D}
{FFDEEC58-415E-48D0-ACFF-02F5C59D7B78} = {D202C0F3-9360-4550-A804-C407B157306D}

	EndGlobalSection
EndGlobal

