
Microsoft Visual Studio Solution File, Format Version 12.00
# Visual Studio Version 16
VisualStudioVersion = 16.0.30621.155
MinimumVisualStudioVersion = 10.0.40219.1
Project("{9A19103F-16F7-4668-BE54-9A1E7A4F7556}") = "ExpressionEditorDemo.NETCore", "ExpressionEditorDemo.NETCore.csproj", "{F22F33FF-46F1-4FA8-84DE-9482E0501CAF}"
EndProject
Project("{9A19103F-16F7-4668-BE54-9A1E7A4F7556}") = "GeneralAssembly.NETCore", "..\GeneralAssembly\GeneralAssembly.NETCore.csproj", "{1FE4B48E-6383-4E51-953B-790444AD6063}"
EndProject
Global
	GlobalSection(SolutionConfigurationPlatforms) = preSolution
		Debug|Any CPU = Debug|Any CPU
		Release|Any CPU = Release|Any CPU
	EndGlobalSection
	GlobalSection(ProjectConfigurationPlatforms) = postSolution
		{F22F33FF-46F1-4FA8-84DE-9482E0501CAF}.Debug|Any CPU.ActiveCfg = Debug|Any CPU
		{F22F33FF-46F1-4FA8-84DE-9482E0501CAF}.Debug|Any CPU.Build.0 = Debug|Any CPU
		{F22F33FF-46F1-4FA8-84DE-9482E0501CAF}.Release|Any CPU.ActiveCfg = Release|Any CPU
		{F22F33FF-46F1-4FA8-84DE-9482E0501CAF}.Release|Any CPU.Build.0 = Release|Any CPU
		{1FE4B48E-6383-4E51-953B-790444AD6063}.Debug|Any CPU.ActiveCfg = Debug|Any CPU
		{1FE4B48E-6383-4E51-953B-790444AD6063}.Debug|Any CPU.Build.0 = Debug|Any CPU
		{1FE4B48E-6383-4E51-953B-790444AD6063}.Release|Any CPU.ActiveCfg = Release|Any CPU
		{1FE4B48E-6383-4E51-953B-790444AD6063}.Release|Any CPU.Build.0 = Release|Any CPU
	EndGlobalSection
	GlobalSection(SolutionProperties) = preSolution
		HideSolutionNode = FALSE
	EndGlobalSection
	GlobalSection(ExtensibilityGlobals) = postSolution
		SolutionGuid = {B7C26F44-CF49-4482-BA22-6C2888BA9F26}
	EndGlobalSection
EndGlobal
