
Microsoft Visual Studio Solution File, Format Version 12.00
# Visual Studio 15
VisualStudioVersion = 15.0.28307.705
MinimumVisualStudioVersion = 10.0.40219.1
Project("{FAE04EC0-301F-11D3-BF4B-00C04F79EFBC}") = "QueryColumnsListCustomColumnsDemo", "QueryColumnsListCustomColumnsDemo.csproj", "{77B23A76-514E-43F7-A222-4403B3CA39FB}"
EndProject
Project("{FAE04EC0-301F-11D3-BF4B-00C04F79EFBC}") = "GeneralAssembly", "..\GeneralAssembly\GeneralAssembly.csproj", "{47A94736-FB2A-4AE2-A282-74E138E7CDED}"
EndProject
Global
	GlobalSection(SolutionConfigurationPlatforms) = preSolution
		Debug|Any CPU = Debug|Any CPU
		Release|Any CPU = Release|Any CPU
	EndGlobalSection
	GlobalSection(ProjectConfigurationPlatforms) = postSolution
		{77B23A76-514E-43F7-A222-4403B3CA39FB}.Debug|Any CPU.ActiveCfg = Debug|Any CPU
		{77B23A76-514E-43F7-A222-4403B3CA39FB}.Debug|Any CPU.Build.0 = Debug|Any CPU
		{77B23A76-514E-43F7-A222-4403B3CA39FB}.Release|Any CPU.ActiveCfg = Release|Any CPU
		{77B23A76-514E-43F7-A222-4403B3CA39FB}.Release|Any CPU.Build.0 = Release|Any CPU
		{47A94736-FB2A-4AE2-A282-74E138E7CDED}.Debug|Any CPU.ActiveCfg = Debug|Any CPU
		{47A94736-FB2A-4AE2-A282-74E138E7CDED}.Debug|Any CPU.Build.0 = Debug|Any CPU
		{47A94736-FB2A-4AE2-A282-74E138E7CDED}.Release|Any CPU.ActiveCfg = Release|Any CPU
		{47A94736-FB2A-4AE2-A282-74E138E7CDED}.Release|Any CPU.Build.0 = Release|Any CPU
	EndGlobalSection
	GlobalSection(SolutionProperties) = preSolution
		HideSolutionNode = FALSE
	EndGlobalSection
	GlobalSection(ExtensibilityGlobals) = postSolution
		SolutionGuid = {602ADD12-6E42-413E-9B75-556C10B9AD26}
	EndGlobalSection
EndGlobal
